<?xml version="1.0" encoding="utf-8"?>
<Project ToolsVersion="4.0" xmlns="http://schemas.microsoft.com/developer/msbuild/2003">
  <ItemGroup>
    <Filter Include="src">
      <UniqueIdentifier>{397f189c-9b89-4471-b413-b1b86ef941bd}</UniqueIdentifier>
    </Filter>
    <Filter Include="Header Files">
      <UniqueIdentifier>{93995380-89BD-4b04-88EB-625FBE52EBFB}</UniqueIdentifier>
      <Extensions>h;hpp;hxx;hm;inl;inc;xsd</Extensions>
    </Filter>
    <Filter Include="Source Files">
      <UniqueIdentifier>{4FC737F1-C7A5-4376-A066-2A32D752A2FF}</UniqueIdentifier>
      <Extensions>cpp;c;cxx;def;odl;idl;hpj;bat;asm;asmx</Extensions>
    </Filter>
    <Filter Include="Resource Files">
      <UniqueIdentifier>{67DA6AB6-F800-4c08-8B7A-83BB121AAD01}</UniqueIdentifier>
      <Extensions>rc;ico;cur;bmp;dlg;rc2;rct;bin;rgs;gif;jpg;jpeg;jpe;resx</Extensions>
    </Filter>
  </ItemGroup>
  <ItemGroup>
    <ClCompile Include="dlldatax.c">
      <Filter>Source Files</Filter>
    </ClCompile>
    <ClCompile Include="stdafx.cpp">
      <Filter>Source Files</Filter>
    </ClCompile>
    <ClCompile Include="ShowImage.cpp">
      <Filter>Source Files</Filter>
    </ClCompile>
    <ClCompile Include="AddinOLE.cpp">
      <Filter>Source Files</Filter>
    </ClCompile>
    <ClCompile Include="AddinOLE_i.c">
      <Filter>Source Files</Filter>
    </ClCompile>
    <ClCompile Include="..\08.TestSet\src\04.UI\GIF.cpp">
      <Filter>src</Filter>
    </ClCompile>
    <ClCompile Include="..\08.TestSet\src\04.UI\PNG.cpp">
      <Filter>src</Filter>
    </ClCompile>
    <ClCompile Include="..\08.TestSet\src\04.UI\Ctrl\XTDC.cpp">
      <Filter>src</Filter>
    </ClCompile>
  </ItemGroup>
  <ItemGroup>
    <None Include="Progress.bmp">
      <Filter>Resource Files</Filter>
    </None>
    <None Include="AddinOLE.def">
      <Filter>Source Files</Filter>
    </None>
    <None Include="ShowImage.bmp">
      <Filter>Resource Files</Filter>
    </None>
    <None Include="ShowImage.rgs">
      <Filter>Resource Files</Filter>
    </None>
    <None Include="AddinOLE.rgs">
      <Filter>Resource Files</Filter>
    </None>
  </ItemGroup>
  <ItemGroup>
    <ClInclude Include="dlldatax.h">
      <Filter>Header Files</Filter>
    </ClInclude>
    <ClInclude Include="Resource.h">
      <Filter>Header Files</Filter>
    </ClInclude>
    <ClInclude Include="stdafx.h">
      <Filter>Header Files</Filter>
    </ClInclude>
    <ClInclude Include="_IShowImageEvents_CP.h">
      <Filter>Header Files</Filter>
    </ClInclude>
    <ClInclude Include="ShowImage.h">
      <Filter>Header Files</Filter>
    </ClInclude>
    <ClInclude Include="..\08.TestSet\src\04.UI\GIF.h">
      <Filter>src</Filter>
    </ClInclude>
    <ClInclude Include="..\08.TestSet\src\04.UI\PNG.h">
      <Filter>src</Filter>
    </ClInclude>
    <ClInclude Include="..\08.TestSet\src\04.UI\Ctrl\XTDC.h">
      <Filter>src</Filter>
    </ClInclude>
  </ItemGroup>
  <ItemGroup>
    <ResourceCompile Include="AddinOLE.rc">
      <Filter>Resource Files</Filter>
    </ResourceCompile>
  </ItemGroup>
  <ItemGroup>
    <Midl Include="AddinOLE.idl">
      <Filter>Source Files</Filter>
    </Midl>
  </ItemGroup>
</Project>