<?xml version="1.0" encoding="utf-8"?>
<Project ToolsVersion="4.0" xmlns="http://schemas.microsoft.com/developer/msbuild/2003">
  <ItemGroup>
    <Filter Include="Header Files">
      <UniqueIdentifier>{93995380-89BD-4b04-88EB-625FBE52EBFB}</UniqueIdentifier>
      <Extensions>h;hpp;hxx;hm;inl;inc;xsd</Extensions>
    </Filter>
    <Filter Include="Resource Files">
      <UniqueIdentifier>{67DA6AB6-F800-4c08-8B7A-83BB121AAD01}</UniqueIdentifier>
      <Extensions>rc;ico;cur;bmp;dlg;rc2;rct;bin;rgs;gif;jpg;jpeg;jpe;resx</Extensions>
    </Filter>
    <Filter Include="Source Files">
      <UniqueIdentifier>{4FC737F1-C7A5-4376-A066-2A32D752A2FF}</UniqueIdentifier>
      <Extensions>cpp;c;cc;cxx;def;odl;idl;hpj;bat;asm;asmx</Extensions>
    </Filter>
    <Filter Include="src">
      <UniqueIdentifier>{c95b4648-31a5-4c03-bd10-d000ef23ba52}</UniqueIdentifier>
    </Filter>
  </ItemGroup>
  <ItemGroup>
    <ClCompile Include="src\AddinProcess.cpp">
      <Filter>src</Filter>
    </ClCompile>
    <ClCompile Include="src\SshConfig.cpp">
      <Filter>src</Filter>
    </ClCompile>
    <ClCompile Include="Connect.cpp">
      <Filter>Source Files</Filter>
    </ClCompile>
    <ClCompile Include="stdafx.cpp">
      <Filter>Source Files</Filter>
    </ClCompile>
    <ClCompile Include="AddInVS.cpp">
      <Filter>Source Files</Filter>
    </ClCompile>
    <ClCompile Include="..\08.TestSet\src\11.Common\StrConver.cpp">
      <Filter>src</Filter>
    </ClCompile>
    <ClCompile Include="..\08.TestSet\src\03.Network\ssh2\sftp.c">
      <Filter>src</Filter>
    </ClCompile>
    <ClCompile Include="..\08.TestSet\src\08.Algorithm\base\XTXml.cpp">
      <Filter>src</Filter>
    </ClCompile>
  </ItemGroup>
  <ItemGroup>
    <None Include="AddInVS.rgs">
      <Filter>Resource Files</Filter>
    </None>
    <None Include="ToolWindowIcon.bmp">
      <Filter>Resource Files</Filter>
    </None>
  </ItemGroup>
  <ItemGroup>
    <ClInclude Include="src\AddinProcess.h">
      <Filter>src</Filter>
    </ClInclude>
    <ClInclude Include="src\SshConfig.h">
      <Filter>src</Filter>
    </ClInclude>
    <ClInclude Include="Connect.h">
      <Filter>Header Files</Filter>
    </ClInclude>
    <ClInclude Include="Resource.h">
      <Filter>Header Files</Filter>
    </ClInclude>
    <ClInclude Include="stdafx.h">
      <Filter>Header Files</Filter>
    </ClInclude>
    <ClInclude Include="..\08.TestSet\src\11.Common\StrConver.h">
      <Filter>src</Filter>
    </ClInclude>
    <ClInclude Include="..\08.TestSet\src\03.Network\ssh2\sftp.h">
      <Filter>src</Filter>
    </ClInclude>
    <ClInclude Include="..\08.TestSet\src\03.Network\ssh2\ssh2.h">
      <Filter>src</Filter>
    </ClInclude>
    <ClInclude Include="..\08.TestSet\src\08.Algorithm\base\XTXml.h">
      <Filter>src</Filter>
    </ClInclude>
  </ItemGroup>
  <ItemGroup>
    <ResourceCompile Include="AddInVS.rc">
      <Filter>Resource Files</Filter>
    </ResourceCompile>
  </ItemGroup>
  <ItemGroup>
    <Midl Include="AddInVS.idl">
      <Filter>Source Files</Filter>
    </Midl>
  </ItemGroup>
</Project>